
Microsoft Visual Studio Solution File, Format Version 11.00
# Visual Studio 2010
Project("{8BC9CEB8-8B4A-11D0-8D11-00A0C91BC942}") = "USBCopy", "USBCopy\USBCopy.vcxproj", "{DB9FDE30-55FC-4448-8B38-63A8771DD403}"
EndProject
Project("{8BC9CEB8-8B4A-11D0-8D11-00A0C91BC942}") = "Keygen", "Keygen\Keygen.vcxproj", "{045D9D47-6274-4842-8ADF-2E86B4C650C1}"
EndProject
Project("{8BC9CEB8-8B4A-11D0-8D11-00A0C91BC942}") = "Lockgen", "Lockgen\Lockgen.vcxproj", "{77C397A8-7215-4C70-911C-29FB6351EA67}"
EndProject
Global
	GlobalSection(SolutionConfigurationPlatforms) = preSolution
		Debug|Win32 = Debug|Win32
		Release|Win32 = Release|Win32
	EndGlobalSection
	GlobalSection(ProjectConfigurationPlatforms) = postSolution
		{DB9FDE30-55FC-4448-8B38-63A8771DD403}.Debug|Win32.ActiveCfg = Debug|Win32
		{DB9FDE30-55FC-4448-8B38-63A8771DD403}.Debug|Win32.Build.0 = Debug|Win32
		{DB9FDE30-55FC-4448-8B38-63A8771DD403}.Release|Win32.ActiveCfg = Release|Win32
		{DB9FDE30-55FC-4448-8B38-63A8771DD403}.Release|Win32.Build.0 = Release|Win32
		{045D9D47-6274-4842-8ADF-2E86B4C650C1}.Debug|Win32.ActiveCfg = Debug|Win32
		{045D9D47-6274-4842-8ADF-2E86B4C650C1}.Debug|Win32.Build.0 = Debug|Win32
		{045D9D47-6274-4842-8ADF-2E86B4C650C1}.Release|Win32.ActiveCfg = Release|Win32
		{045D9D47-6274-4842-8ADF-2E86B4C650C1}.Release|Win32.Build.0 = Release|Win32
		{77C397A8-7215-4C70-911C-29FB6351EA67}.Debug|Win32.ActiveCfg = Debug|Win32
		{77C397A8-7215-4C70-911C-29FB6351EA67}.Debug|Win32.Build.0 = Debug|Win32
		{77C397A8-7215-4C70-911C-29FB6351EA67}.Release|Win32.ActiveCfg = Release|Win32
		{77C397A8-7215-4C70-911C-29FB6351EA67}.Release|Win32.Build.0 = Release|Win32
	EndGlobalSection
	GlobalSection(SolutionProperties) = preSolution
		HideSolutionNode = FALSE
	EndGlobalSection
EndGlobal
